// !$*UTF8*$!
{
	archiveVersion = 1;
	classes = {
	};
	objectVersion = 50;
	objects = {

/* Begin PBXBuildFile section */
		D419D97C2635C4C200022FBA /* AppDelegate.swift in Sources */ = {isa = PBXBuildFile; fileRef = D419D97B2635C4C200022FBA /* AppDelegate.swift */; };
		D419D97E2635C4C200022FBA /* SceneDelegate.swift in Sources */ = {isa = PBXBuildFile; fileRef = D419D97D2635C4C200022FBA /* SceneDelegate.swift */; };
		D419D9802635C4C200022FBA /* MainScreenViewController.swift in Sources */ = {isa = PBXBuildFile; fileRef = D419D97F2635C4C200022FBA /* MainScreenViewController.swift */; };
		D419D9832635C4C200022FBA /* MainScreenViewController.storyboard in Resources */ = {isa = PBXBuildFile; fileRef = D419D9812635C4C200022FBA /* MainScreenViewController.storyboard */; };
		D419D9852635C4C300022FBA /* Assets.xcassets in Resources */ = {isa = PBXBuildFile; fileRef = D419D9842635C4C300022FBA /* Assets.xcassets */; };
		D419D9882635C4C300022FBA /* LaunchScreen.storyboard in Resources */ = {isa = PBXBuildFile; fileRef = D419D9862635C4C300022FBA /* LaunchScreen.storyboard */; };
		D45D3195263DE73500F7B08A /* ShowAddedPicturesVC.swift in Sources */ = {isa = PBXBuildFile; fileRef = D45D3194263DE73500F7B08A /* ShowAddedPicturesVC.swift */; };
		D45D3197263DE74900F7B08A /* ShowAddedPicturesVC.storyboard in Resources */ = {isa = PBXBuildFile; fileRef = D45D3196263DE74900F7B08A /* ShowAddedPicturesVC.storyboard */; };
		D45D3199263DEAB000F7B08A /* UIViewController+StoryboardInit.swift in Sources */ = {isa = PBXBuildFile; fileRef = D45D3198263DEAB000F7B08A /* UIViewController+StoryboardInit.swift */; };
		D45D319B263DEBDB00F7B08A /* PasswordVerificationVC.swift in Sources */ = {isa = PBXBuildFile; fileRef = D45D319A263DEBDB00F7B08A /* PasswordVerificationVC.swift */; };
		D45D319D263DEBF300F7B08A /* PasswordVerificationVC.storyboard in Resources */ = {isa = PBXBuildFile; fileRef = D45D319C263DEBF300F7B08A /* PasswordVerificationVC.storyboard */; };
		D45D319F263DF07600F7B08A /* UIViewController+UIAlertVC.swift in Sources */ = {isa = PBXBuildFile; fileRef = D45D319E263DF07600F7B08A /* UIViewController+UIAlertVC.swift */; };
		D46B5DD72656B13B00E8C358 /* UIView+CornerRadius.swift in Sources */ = {isa = PBXBuildFile; fileRef = D46B5DD62656B13B00E8C358 /* UIView+CornerRadius.swift */; };
		D4AF2300265950000052995E /* UIView+BorderWidth.swift in Sources */ = {isa = PBXBuildFile; fileRef = D4AF22FF265950000052995E /* UIView+BorderWidth.swift */; };
		D4D2C50E2658508800DFA148 /* ImageCollectionViewCell.swift in Sources */ = {isa = PBXBuildFile; fileRef = D4D2C50C2658508800DFA148 /* ImageCollectionViewCell.swift */; };
		D4D2C50F2658508800DFA148 /* ImageCollectionViewCell.xib in Resources */ = {isa = PBXBuildFile; fileRef = D4D2C50D2658508800DFA148 /* ImageCollectionViewCell.xib */; };
		D4D2C5132659260F00DFA148 /* ReadFromDirectoryManager.swift in Sources */ = {isa = PBXBuildFile; fileRef = D4D2C5122659260E00DFA148 /* ReadFromDirectoryManager.swift */; };
/* End PBXBuildFile section */

/* Begin PBXFileReference section */
		D419D9782635C4C200022FBA /* hiden image gallery.app */ = {isa = PBXFileReference; explicitFileType = wrapper.application; includeInIndex = 0; path = "hiden image gallery.app"; sourceTree = BUILT_PRODUCTS_DIR; };
		D419D97B2635C4C200022FBA /* AppDelegate.swift */ = {isa = PBXFileReference; lastKnownFileType = sourcecode.swift; path = AppDelegate.swift; sourceTree = "<group>"; };
		D419D97D2635C4C200022FBA /* SceneDelegate.swift */ = {isa = PBXFileReference; lastKnownFileType = sourcecode.swift; path = SceneDelegate.swift; sourceTree = "<group>"; };
		D419D97F2635C4C200022FBA /* MainScreenViewController.swift */ = {isa = PBXFileReference; lastKnownFileType = sourcecode.swift; path = MainScreenViewController.swift; sourceTree = "<group>"; };
		D419D9822635C4C200022FBA /* Base */ = {isa = PBXFileReference; lastKnownFileType = file.storyboard; name = Base; path = Base.lproj/MainScreenViewController.storyboard; sourceTree = "<group>"; };
		D419D9842635C4C300022FBA /* Assets.xcassets */ = {isa = PBXFileReference; lastKnownFileType = folder.assetcatalog; path = Assets.xcassets; sourceTree = "<group>"; };
		D419D9872635C4C300022FBA /* Base */ = {isa = PBXFileReference; lastKnownFileType = file.storyboard; name = Base; path = Base.lproj/LaunchScreen.storyboard; sourceTree = "<group>"; };
		D419D9892635C4C300022FBA /* Info.plist */ = {isa = PBXFileReference; lastKnownFileType = text.plist.xml; path = Info.plist; sourceTree = "<group>"; };
		D45D3194263DE73500F7B08A /* ShowAddedPicturesVC.swift */ = {isa = PBXFileReference; lastKnownFileType = sourcecode.swift; path = ShowAddedPicturesVC.swift; sourceTree = "<group>"; };
		D45D3196263DE74900F7B08A /* ShowAddedPicturesVC.storyboard */ = {isa = PBXFileReference; lastKnownFileType = file.storyboard; path = ShowAddedPicturesVC.storyboard; sourceTree = "<group>"; };
		D45D3198263DEAB000F7B08A /* UIViewController+StoryboardInit.swift */ = {isa = PBXFileReference; lastKnownFileType = sourcecode.swift; path = "UIViewController+StoryboardInit.swift"; sourceTree = "<group>"; };
		D45D319A263DEBDB00F7B08A /* PasswordVerificationVC.swift */ = {isa = PBXFileReference; lastKnownFileType = sourcecode.swift; path = PasswordVerificationVC.swift; sourceTree = "<group>"; };
		D45D319C263DEBF300F7B08A /* PasswordVerificationVC.storyboard */ = {isa = PBXFileReference; lastKnownFileType = file.storyboard; path = PasswordVerificationVC.storyboard; sourceTree = "<group>"; };
		D45D319E263DF07600F7B08A /* UIViewController+UIAlertVC.swift */ = {isa = PBXFileReference; lastKnownFileType = sourcecode.swift; path = "UIViewController+UIAlertVC.swift"; sourceTree = "<group>"; };
		D46B5DD62656B13B00E8C358 /* UIView+CornerRadius.swift */ = {isa = PBXFileReference; fileEncoding = 4; lastKnownFileType = sourcecode.swift; path = "UIView+CornerRadius.swift"; sourceTree = "<group>"; };
		D4AF22FF265950000052995E /* UIView+BorderWidth.swift */ = {isa = PBXFileReference; lastKnownFileType = sourcecode.swift; path = "UIView+BorderWidth.swift"; sourceTree = "<group>"; };
		D4D2C50C2658508800DFA148 /* ImageCollectionViewCell.swift */ = {isa = PBXFileReference; lastKnownFileType = sourcecode.swift; path = ImageCollectionViewCell.swift; sourceTree = "<group>"; };
		D4D2C50D2658508800DFA148 /* ImageCollectionViewCell.xib */ = {isa = PBXFileReference; lastKnownFileType = file.xib; path = ImageCollectionViewCell.xib; sourceTree = "<group>"; };
		D4D2C5122659260E00DFA148 /* ReadFromDirectoryManager.swift */ = {isa = PBXFileReference; lastKnownFileType = sourcecode.swift; path = ReadFromDirectoryManager.swift; sourceTree = "<group>"; };
/* End PBXFileReference section */

/* Begin PBXFrameworksBuildPhase section */
		D419D9752635C4C200022FBA /* Frameworks */ = {
			isa = PBXFrameworksBuildPhase;
			buildActionMask = 2147483647;
			files = (
			);
			runOnlyForDeploymentPostprocessing = 0;
		};
/* End PBXFrameworksBuildPhase section */

/* Begin PBXGroup section */
		D419D96F2635C4C200022FBA = {
			isa = PBXGroup;
			children = (
				D419D97A2635C4C200022FBA /* hiden image gallery */,
				D419D9792635C4C200022FBA /* Products */,
			);
			sourceTree = "<group>";
		};
		D419D9792635C4C200022FBA /* Products */ = {
			isa = PBXGroup;
			children = (
				D419D9782635C4C200022FBA /* hiden image gallery.app */,
			);
			name = Products;
			sourceTree = "<group>";
		};
		D419D97A2635C4C200022FBA /* hiden image gallery */ = {
			isa = PBXGroup;
			children = (
				D45D67822674C6350092ADC6 /* Resources */,
				D45D67812674C5DE0092ADC6 /* Supporting files */,
				D4AF2301265950EE0052995E /* Managers */,
				D4AF22FE2659387F0052995E /* Views */,
				D46B5DD52656B0AF00E8C358 /* Storyboards */,
				D46B5DD42656B08F00E8C358 /* ViewControllers */,
				D46B5DD22656B04D00E8C358 /* Extensions */,
				D419D9892635C4C300022FBA /* Info.plist */,
			);
			path = "hiden image gallery";
			sourceTree = "<group>";
		};
		D45D67812674C5DE0092ADC6 /* Supporting files */ = {
			isa = PBXGroup;
			children = (
				D419D97B2635C4C200022FBA /* AppDelegate.swift */,
				D419D97D2635C4C200022FBA /* SceneDelegate.swift */,
			);
			path = "Supporting files";
			sourceTree = "<group>";
		};
		D45D67822674C6350092ADC6 /* Resources */ = {
			isa = PBXGroup;
			children = (
				D419D9842635C4C300022FBA /* Assets.xcassets */,
			);
			path = Resources;
			sourceTree = "<group>";
		};
		D46B5DD22656B04D00E8C358 /* Extensions */ = {
			isa = PBXGroup;
			children = (
				D46B5DD62656B13B00E8C358 /* UIView+CornerRadius.swift */,
				D45D3198263DEAB000F7B08A /* UIViewController+StoryboardInit.swift */,
				D45D319E263DF07600F7B08A /* UIViewController+UIAlertVC.swift */,
				D4AF22FF265950000052995E /* UIView+BorderWidth.swift */,
			);
			path = Extensions;
			sourceTree = "<group>";
		};
		D46B5DD42656B08F00E8C358 /* ViewControllers */ = {
			isa = PBXGroup;
			children = (
				D419D97F2635C4C200022FBA /* MainScreenViewController.swift */,
				D45D3194263DE73500F7B08A /* ShowAddedPicturesVC.swift */,
				D45D319A263DEBDB00F7B08A /* PasswordVerificationVC.swift */,
			);
			path = ViewControllers;
			sourceTree = "<group>";
		};
		D46B5DD52656B0AF00E8C358 /* Storyboards */ = {
			isa = PBXGroup;
			children = (
				D419D9862635C4C300022FBA /* LaunchScreen.storyboard */,
				D45D319C263DEBF300F7B08A /* PasswordVerificationVC.storyboard */,
				D419D9812635C4C200022FBA /* MainScreenViewController.storyboard */,
				D45D3196263DE74900F7B08A /* ShowAddedPicturesVC.storyboard */,
			);
			path = Storyboards;
			sourceTree = "<group>";
		};
		D4AF22FE2659387F0052995E /* Views */ = {
			isa = PBXGroup;
			children = (
				D4D2C50C2658508800DFA148 /* ImageCollectionViewCell.swift */,
				D4D2C50D2658508800DFA148 /* ImageCollectionViewCell.xib */,
			);
			path = Views;
			sourceTree = "<group>";
		};
		D4AF2301265950EE0052995E /* Managers */ = {
			isa = PBXGroup;
			children = (
				D4D2C5122659260E00DFA148 /* ReadFromDirectoryManager.swift */,
			);
			path = Managers;
			sourceTree = "<group>";
		};
/* End PBXGroup section */

/* Begin PBXNativeTarget section */
		D419D9772635C4C200022FBA /* hiden image gallery */ = {
			isa = PBXNativeTarget;
			buildConfigurationList = D419D98C2635C4C300022FBA /* Build configuration list for PBXNativeTarget "hiden image gallery" */;
			buildPhases = (
				D419D9742635C4C200022FBA /* Sources */,
				D419D9752635C4C200022FBA /* Frameworks */,
				D419D9762635C4C200022FBA /* Resources */,
				D419D9962636ADAB00022FBA /* ShellScript */,
			);
			buildRules = (
			);
			dependencies = (
			);
			name = "hiden image gallery";
			productName = "lesson 18";
			productReference = D419D9782635C4C200022FBA /* hiden image gallery.app */;
			productType = "com.apple.product-type.application";
		};
/* End PBXNativeTarget section */

/* Begin PBXProject section */
		D419D9702635C4C200022FBA /* Project object */ = {
			isa = PBXProject;
			attributes = {
				LastSwiftUpdateCheck = 1240;
				LastUpgradeCheck = 1240;
				TargetAttributes = {
					D419D9772635C4C200022FBA = {
						CreatedOnToolsVersion = 12.4;
					};
				};
			};
			buildConfigurationList = D419D9732635C4C200022FBA /* Build configuration list for PBXProject "hiden image gallery" */;
			compatibilityVersion = "Xcode 9.3";
			developmentRegion = en;
			hasScannedForEncodings = 0;
			knownRegions = (
				en,
				Base,
			);
			mainGroup = D419D96F2635C4C200022FBA;
			productRefGroup = D419D9792635C4C200022FBA /* Products */;
			projectDirPath = "";
			projectRoot = "";
			targets = (
				D419D9772635C4C200022FBA /* hiden image gallery */,
			);
		};
/* End PBXProject section */

/* Begin PBXResourcesBuildPhase section */
		D419D9762635C4C200022FBA /* Resources */ = {
			isa = PBXResourcesBuildPhase;
			buildActionMask = 2147483647;
			files = (
				D45D3197263DE74900F7B08A /* ShowAddedPicturesVC.storyboard in Resources */,
				D419D9882635C4C300022FBA /* LaunchScreen.storyboard in Resources */,
				D419D9852635C4C300022FBA /* Assets.xcassets in Resources */,
				D45D319D263DEBF300F7B08A /* PasswordVerificationVC.storyboard in Resources */,
				D4D2C50F2658508800DFA148 /* ImageCollectionViewCell.xib in Resources */,
				D419D9832635C4C200022FBA /* MainScreenViewController.storyboard in Resources */,
			);
			runOnlyForDeploymentPostprocessing = 0;
		};
/* End PBXResourcesBuildPhase section */

/* Begin PBXShellScriptBuildPhase section */
		D419D9962636ADAB00022FBA /* ShellScript */ = {
			isa = PBXShellScriptBuildPhase;
			buildActionMask = 2147483647;
			files = (
			);
			inputFileListPaths = (
			);
			inputPaths = (
			);
			outputFileListPaths = (
			);
			outputPaths = (
			);
			runOnlyForDeploymentPostprocessing = 0;
			shellPath = /bin/sh;
			shellScript = "if which swiftlint >/dev/null; then\n  swiftlint\nelse\n  echo \"warning: SwiftLint not installed, download from https://github.com/realm/SwiftLint\"\nfi\n";
		};
/* End PBXShellScriptBuildPhase section */

/* Begin PBXSourcesBuildPhase section */
		D419D9742635C4C200022FBA /* Sources */ = {
			isa = PBXSourcesBuildPhase;
			buildActionMask = 2147483647;
			files = (
				D419D9802635C4C200022FBA /* MainScreenViewController.swift in Sources */,
				D46B5DD72656B13B00E8C358 /* UIView+CornerRadius.swift in Sources */,
				D419D97C2635C4C200022FBA /* AppDelegate.swift in Sources */,
				D45D319B263DEBDB00F7B08A /* PasswordVerificationVC.swift in Sources */,
				D45D319F263DF07600F7B08A /* UIViewController+UIAlertVC.swift in Sources */,
				D4AF2300265950000052995E /* UIView+BorderWidth.swift in Sources */,
				D4D2C5132659260F00DFA148 /* ReadFromDirectoryManager.swift in Sources */,
				D419D97E2635C4C200022FBA /* SceneDelegate.swift in Sources */,
				D4D2C50E2658508800DFA148 /* ImageCollectionViewCell.swift in Sources */,
				D45D3195263DE73500F7B08A /* ShowAddedPicturesVC.swift in Sources */,
				D45D3199263DEAB000F7B08A /* UIViewController+StoryboardInit.swift in Sources */,
			);
			runOnlyForDeploymentPostprocessing = 0;
		};
/* End PBXSourcesBuildPhase section */

/* Begin PBXVariantGroup section */
		D419D9812635C4C200022FBA /* MainScreenViewController.storyboard */ = {
			isa = PBXVariantGroup;
			children = (
				D419D9822635C4C200022FBA /* Base */,
			);
			name = MainScreenViewController.storyboard;
			sourceTree = "<group>";
		};
		D419D9862635C4C300022FBA /* LaunchScreen.storyboard */ = {
			isa = PBXVariantGroup;
			children = (
				D419D9872635C4C300022FBA /* Base */,
			);
			name = LaunchScreen.storyboard;
			sourceTree = "<group>";
		};
/* End PBXVariantGroup section */

/* Begin XCBuildConfiguration section */
		D419D98A2635C4C300022FBA /* Debug */ = {
			isa = XCBuildConfiguration;
			buildSettings = {
				ALWAYS_SEARCH_USER_PATHS = NO;
				CLANG_ANALYZER_NONNULL = YES;
				CLANG_ANALYZER_NUMBER_OBJECT_CONVERSION = YES_AGGRESSIVE;
				CLANG_CXX_LANGUAGE_STANDARD = "gnu++14";
				CLANG_CXX_LIBRARY = "libc++";
				CLANG_ENABLE_MODULES = YES;
				CLANG_ENABLE_OBJC_ARC = YES;
				CLANG_ENABLE_OBJC_WEAK = YES;
				CLANG_WARN_BLOCK_CAPTURE_AUTORELEASING = YES;
				CLANG_WARN_BOOL_CONVERSION = YES;
				CLANG_WARN_COMMA = YES;
				CLANG_WARN_CONSTANT_CONVERSION = YES;
				CLANG_WARN_DEPRECATED_OBJC_IMPLEMENTATIONS = YES;
				CLANG_WARN_DIRECT_OBJC_ISA_USAGE = YES_ERROR;
				CLANG_WARN_DOCUMENTATION_COMMENTS = YES;
				CLANG_WARN_EMPTY_BODY = YES;
				CLANG_WARN_ENUM_CONVERSION = YES;
				CLANG_WARN_INFINITE_RECURSION = YES;
				CLANG_WARN_INT_CONVERSION = YES;
				CLANG_WARN_NON_LITERAL_NULL_CONVERSION = YES;
				CLANG_WARN_OBJC_IMPLICIT_RETAIN_SELF = YES;
				CLANG_WARN_OBJC_LITERAL_CONVERSION = YES;
				CLANG_WARN_OBJC_ROOT_CLASS = YES_ERROR;
				CLANG_WARN_QUOTED_INCLUDE_IN_FRAMEWORK_HEADER = YES;
				CLANG_WARN_RANGE_LOOP_ANALYSIS = YES;
				CLANG_WARN_STRICT_PROTOTYPES = YES;
				CLANG_WARN_SUSPICIOUS_MOVE = YES;
				CLANG_WARN_UNGUARDED_AVAILABILITY = YES_AGGRESSIVE;
				CLANG_WARN_UNREACHABLE_CODE = YES;
				CLANG_WARN__DUPLICATE_METHOD_MATCH = YES;
				COPY_PHASE_STRIP = NO;
				DEBUG_INFORMATION_FORMAT = dwarf;
				ENABLE_STRICT_OBJC_MSGSEND = YES;
				ENABLE_TESTABILITY = YES;
				GCC_C_LANGUAGE_STANDARD = gnu11;
				GCC_DYNAMIC_NO_PIC = NO;
				GCC_NO_COMMON_BLOCKS = YES;
				GCC_OPTIMIZATION_LEVEL = 0;
				GCC_PREPROCESSOR_DEFINITIONS = (
					"DEBUG=1",
					"$(inherited)",
				);
				GCC_WARN_64_TO_32_BIT_CONVERSION = YES;
				GCC_WARN_ABOUT_RETURN_TYPE = YES_ERROR;
				GCC_WARN_UNDECLARED_SELECTOR = YES;
				GCC_WARN_UNINITIALIZED_AUTOS = YES_AGGRESSIVE;
				GCC_WARN_UNUSED_FUNCTION = YES;
				GCC_WARN_UNUSED_VARIABLE = YES;
				IPHONEOS_DEPLOYMENT_TARGET = 14.4;
				MTL_ENABLE_DEBUG_INFO = INCLUDE_SOURCE;
				MTL_FAST_MATH = YES;
				ONLY_ACTIVE_ARCH = YES;
				SDKROOT = iphoneos;
				SWIFT_ACTIVE_COMPILATION_CONDITIONS = DEBUG;
				SWIFT_OPTIMIZATION_LEVEL = "-Onone";
			};
			name = Debug;
		};
		D419D98B2635C4C300022FBA /* Release */ = {
			isa = XCBuildConfiguration;
			buildSettings = {
				ALWAYS_SEARCH_USER_PATHS = NO;
				CLANG_ANALYZER_NONNULL = YES;
				CLANG_ANALYZER_NUMBER_OBJECT_CONVERSION = YES_AGGRESSIVE;
				CLANG_CXX_LANGUAGE_STANDARD = "gnu++14";
				CLANG_CXX_LIBRARY = "libc++";
				CLANG_ENABLE_MODULES = YES;
				CLANG_ENABLE_OBJC_ARC = YES;
				CLANG_ENABLE_OBJC_WEAK = YES;
				CLANG_WARN_BLOCK_CAPTURE_AUTORELEASING = YES;
				CLANG_WARN_BOOL_CONVERSION = YES;
				CLANG_WARN_COMMA = YES;
				CLANG_WARN_CONSTANT_CONVERSION = YES;
				CLANG_WARN_DEPRECATED_OBJC_IMPLEMENTATIONS = YES;
				CLANG_WARN_DIRECT_OBJC_ISA_USAGE = YES_ERROR;
				CLANG_WARN_DOCUMENTATION_COMMENTS = YES;
				CLANG_WARN_EMPTY_BODY = YES;
				CLANG_WARN_ENUM_CONVERSION = YES;
				CLANG_WARN_INFINITE_RECURSION = YES;
				CLANG_WARN_INT_CONVERSION = YES;
				CLANG_WARN_NON_LITERAL_NULL_CONVERSION = YES;
				CLANG_WARN_OBJC_IMPLICIT_RETAIN_SELF = YES;
				CLANG_WARN_OBJC_LITERAL_CONVERSION = YES;
				CLANG_WARN_OBJC_ROOT_CLASS = YES_ERROR;
				CLANG_WARN_QUOTED_INCLUDE_IN_FRAMEWORK_HEADER = YES;
				CLANG_WARN_RANGE_LOOP_ANALYSIS = YES;
				CLANG_WARN_STRICT_PROTOTYPES = YES;
				CLANG_WARN_SUSPICIOUS_MOVE = YES;
				CLANG_WARN_UNGUARDED_AVAILABILITY = YES_AGGRESSIVE;
				CLANG_WARN_UNREACHABLE_CODE = YES;
				CLANG_WARN__DUPLICATE_METHOD_MATCH = YES;
				COPY_PHASE_STRIP = NO;
				DEBUG_INFORMATION_FORMAT = "dwarf-with-dsym";
				ENABLE_NS_ASSERTIONS = NO;
				ENABLE_STRICT_OBJC_MSGSEND = YES;
				GCC_C_LANGUAGE_STANDARD = gnu11;
				GCC_NO_COMMON_BLOCKS = YES;
				GCC_WARN_64_TO_32_BIT_CONVERSION = YES;
				GCC_WARN_ABOUT_RETURN_TYPE = YES_ERROR;
				GCC_WARN_UNDECLARED_SELECTOR = YES;
				GCC_WARN_UNINITIALIZED_AUTOS = YES_AGGRESSIVE;
				GCC_WARN_UNUSED_FUNCTION = YES;
				GCC_WARN_UNUSED_VARIABLE = YES;
				IPHONEOS_DEPLOYMENT_TARGET = 14.4;
				MTL_ENABLE_DEBUG_INFO = NO;
				MTL_FAST_MATH = YES;
				SDKROOT = iphoneos;
				SWIFT_COMPILATION_MODE = wholemodule;
				SWIFT_OPTIMIZATION_LEVEL = "-O";
				VALIDATE_PRODUCT = YES;
			};
			name = Release;
		};
		D419D98D2635C4C300022FBA /* Debug */ = {
			isa = XCBuildConfiguration;
			buildSettings = {
				ASSETCATALOG_COMPILER_APPICON_NAME = AppIcon;
				ASSETCATALOG_COMPILER_GLOBAL_ACCENT_COLOR_NAME = AccentColor;
				CODE_SIGN_STYLE = Automatic;
				DEVELOPMENT_TEAM = U8UWB3WQCD;
				INFOPLIST_FILE = "$(SRCROOT)/hiden image gallery/Info.plist";
				LD_RUNPATH_SEARCH_PATHS = (
					"$(inherited)",
					"@executable_path/Frameworks",
				);
				PRODUCT_BUNDLE_IDENTIFIER = "by.paulshark.hiden-image-gallery";
				PRODUCT_NAME = "$(TARGET_NAME)";
				SWIFT_VERSION = 5.0;
				TARGETED_DEVICE_FAMILY = "1,2";
			};
			name = Debug;
		};
		D419D98E2635C4C300022FBA /* Release */ = {
			isa = XCBuildConfiguration;
			buildSettings = {
				ASSETCATALOG_COMPILER_APPICON_NAME = AppIcon;
				ASSETCATALOG_COMPILER_GLOBAL_ACCENT_COLOR_NAME = AccentColor;
				CODE_SIGN_STYLE = Automatic;
				DEVELOPMENT_TEAM = U8UWB3WQCD;
				INFOPLIST_FILE = "$(SRCROOT)/hiden image gallery/Info.plist";
				LD_RUNPATH_SEARCH_PATHS = (
					"$(inherited)",
					"@executable_path/Frameworks",
				);
				PRODUCT_BUNDLE_IDENTIFIER = by.paulshark.Homework18.2;
				PRODUCT_NAME = "$(TARGET_NAME)";
				SWIFT_VERSION = 5.0;
				TARGETED_DEVICE_FAMILY = "1,2";
			};
			name = Release;
		};
/* End XCBuildConfiguration section */

/* Begin XCConfigurationList section */
		D419D9732635C4C200022FBA /* Build configuration list for PBXProject "hiden image gallery" */ = {
			isa = XCConfigurationList;
			buildConfigurations = (
				D419D98A2635C4C300022FBA /* Debug */,
				D419D98B2635C4C300022FBA /* Release */,
			);
			defaultConfigurationIsVisible = 0;
			defaultConfigurationName = Release;
		};
		D419D98C2635C4C300022FBA /* Build configuration list for PBXNativeTarget "hiden image gallery" */ = {
			isa = XCConfigurationList;
			buildConfigurations = (
				D419D98D2635C4C300022FBA /* Debug */,
				D419D98E2635C4C300022FBA /* Release */,
			);
			defaultConfigurationIsVisible = 0;
			defaultConfigurationName = Release;
		};
/* End XCConfigurationList section */
	};
	rootObject = D419D9702635C4C200022FBA /* Project object */;
}
